# THIS IS AN AUTOGENERATED FILE. DO NOT EDIT THIS FILE DIRECTLY.
# yarn lockfile v1


"@polymer/app-layout@^3.0.0-pre.7":
  version "3.0.0-pre.8"
  resolved "https://registry.yarnpkg.com/@polymer/app-layout/-/app-layout-3.0.0-pre.8.tgz#3ee697c2bdceac4e7c94f651eb7be8ef24256489"
  dependencies:
    "@polymer/iron-flex-layout" "^3.0.0-pre.7"
    "@polymer/iron-media-query" "^3.0.0-pre.7"
    "@polymer/iron-resizable-behavior" "^3.0.0-pre.7"
    "@polymer/iron-scroll-target-behavior" "^3.0.0-pre.7"
    "@polymer/polymer" "^3.0.0-pre.7"

"@polymer/font-roboto@^3.0.0-pre.7":
  version "3.0.0-pre.8"
  resolved "https://registry.yarnpkg.com/@polymer/font-roboto/-/font-roboto-3.0.0-pre.8.tgz#c8a3e168eacab03cd91fd52d7be72f4fd199cab9"

"@polymer/iron-a11y-announcer@^3.0.0-pre.7":
  version "3.0.0-pre.8"
  resolved "https://registry.yarnpkg.com/@polymer/iron-a11y-announcer/-/iron-a11y-announcer-3.0.0-pre.8.tgz#f8da5f22de28e12448738e376f0427e695835191"
  dependencies:
    "@polymer/polymer" "^3.0.0-pre.7"

"@polymer/iron-a11y-keys-behavior@^3.0.0-pre.7":
  version "3.0.0-pre.8"
  resolved "https://registry.yarnpkg.com/@polymer/iron-a11y-keys-behavior/-/iron-a11y-keys-behavior-3.0.0-pre.8.tgz#bb090ba4065596c2f2bc5d463e408c499b706e1b"
  dependencies:
    "@polymer/polymer" "^3.0.0-pre.7"

"@polymer/iron-ajax@^3.0.0-pre.7":
  version "3.0.0-pre.8"
  resolved "https://registry.yarnpkg.com/@polymer/iron-ajax/-/iron-ajax-3.0.0-pre.8.tgz#cc2cfec08eb5bc7fbe853c64b06d3d317e270dbb"
  dependencies:
    "@polymer/polymer" "^3.0.0-pre.7"

"@polymer/iron-autogrow-textarea@^3.0.0-pre.7":
  version "3.0.0-pre.8"
  resolved "https://registry.yarnpkg.com/@polymer/iron-autogrow-textarea/-/iron-autogrow-textarea-3.0.0-pre.8.tgz#a879e4bf2dc931e8d88d0121edbfb158d34720ea"
  dependencies:
    "@polymer/iron-behaviors" "^3.0.0-pre.7"
    "@polymer/iron-flex-layout" "^3.0.0-pre.7"
    "@polymer/iron-validatable-behavior" "^3.0.0-pre.7"
    "@polymer/polymer" "^3.0.0-pre.7"

"@polymer/iron-behaviors@^3.0.0-pre.7":
  version "3.0.0-pre.8"
  resolved "https://registry.yarnpkg.com/@polymer/iron-behaviors/-/iron-behaviors-3.0.0-pre.8.tgz#02916fe2314bd8b7fc2c3fe411b875fd46b32edb"
  dependencies:
    "@polymer/iron-a11y-keys-behavior" "^3.0.0-pre.7"
    "@polymer/polymer" "^3.0.0-pre.7"

"@polymer/iron-checked-element-behavior@^3.0.0-pre.7":
  version "3.0.0-pre.8"
  resolved "https://registry.yarnpkg.com/@polymer/iron-checked-element-behavior/-/iron-checked-element-behavior-3.0.0-pre.8.tgz#926aae13c180898aff8cda822df5c5011f79da3c"
  dependencies:
    "@polymer/iron-form-element-behavior" "^3.0.0-pre.7"
    "@polymer/iron-validatable-behavior" "^3.0.0-pre.7"
    "@polymer/polymer" "^3.0.0-pre.7"

"@polymer/iron-component-page@^3.0.0-pre.8":
  version "3.0.0-pre.8"
  resolved "https://registry.yarnpkg.com/@polymer/iron-component-page/-/iron-component-page-3.0.0-pre.8.tgz#0ebb43fa5baf40495eaff3863ebf276bf0c7325d"
  dependencies:
    "@polymer/app-layout" "^3.0.0-pre.7"
    "@polymer/iron-ajax" "^3.0.0-pre.7"
    "@polymer/iron-doc-viewer" "^3.0.0-pre.7"
    "@polymer/iron-icons" "^3.0.0-pre.7"
    "@polymer/paper-icon-button" "^3.0.0-pre.7"
    "@polymer/paper-styles" "^3.0.0-pre.7"
    "@polymer/paper-toast" "^3.0.0-pre.7"
    "@polymer/polymer" "^3.0.0-pre.7"

"@polymer/iron-demo-helpers@^3.0.0-pre.8":
  version "3.0.0-pre.8"
  resolved "https://registry.yarnpkg.com/@polymer/iron-demo-helpers/-/iron-demo-helpers-3.0.0-pre.8.tgz#58a3d527f1ab7222cc71ede7618541b93607386f"
  dependencies:
    "@polymer/font-roboto" "^3.0.0-pre.7"
    "@polymer/iron-flex-layout" "^3.0.0-pre.7"
    "@polymer/iron-location" "^3.0.0-pre.7"
    "@polymer/marked-element" "^3.0.0-pre.7"
    "@polymer/polymer" "^3.0.0-pre.7"
    "@polymer/prism-element" "^3.0.0-pre.7"

"@polymer/iron-doc-viewer@^3.0.0-pre.7":
  version "3.0.0-pre.8"
  resolved "https://registry.yarnpkg.com/@polymer/iron-doc-viewer/-/iron-doc-viewer-3.0.0-pre.8.tgz#f520936f078f3aea670e7d90f05df000962f9b28"
  dependencies:
    "@polymer/iron-location" "^3.0.0-pre.7"
    "@polymer/marked-element" "^3.0.0-pre.7"
    "@polymer/paper-styles" "^3.0.0-pre.7"
    "@polymer/polymer" "^3.0.0-pre.7"
    "@polymer/prism-element" "^3.0.0-pre.7"

"@polymer/iron-dropdown@^3.0.0-pre.7":
  version "3.0.0-pre.8"
  resolved "https://registry.yarnpkg.com/@polymer/iron-dropdown/-/iron-dropdown-3.0.0-pre.8.tgz#a9429a4b6ed2c5f73e9fc25e5482f57839334460"
  dependencies:
    "@polymer/iron-behaviors" "^3.0.0-pre.7"
    "@polymer/iron-overlay-behavior" "^3.0.0-pre.7"
    "@polymer/neon-animation" "^3.0.0-pre.7"
    "@polymer/polymer" "^3.0.0-pre.7"

"@polymer/iron-fit-behavior@^3.0.0-pre.7":
  version "3.0.0-pre.8"
  resolved "https://registry.yarnpkg.com/@polymer/iron-fit-behavior/-/iron-fit-behavior-3.0.0-pre.8.tgz#789e252acde3fae08b0fd33d7ef763de96497cd3"
  dependencies:
    "@polymer/polymer" "^3.0.0-pre.7"

"@polymer/iron-flex-layout@^3.0.0-pre.7", "@polymer/iron-flex-layout@^3.0.0-pre.8":
  version "3.0.0-pre.8"
  resolved "https://registry.yarnpkg.com/@polymer/iron-flex-layout/-/iron-flex-layout-3.0.0-pre.8.tgz#9588dec5d06e1a3d0671007680e54121141df7f4"
  dependencies:
    "@polymer/polymer" "^3.0.0-pre.7"

"@polymer/iron-form-element-behavior@^3.0.0-pre.7":
  version "3.0.0-pre.8"
  resolved "https://registry.yarnpkg.com/@polymer/iron-form-element-behavior/-/iron-form-element-behavior-3.0.0-pre.8.tgz#49cfbbcc053371b8f664b49509544566d94ac56b"
  dependencies:
    "@polymer/polymer" "^3.0.0-pre.7"

"@polymer/iron-icon@^3.0.0-pre.7":
  version "3.0.0-pre.8"
  resolved "https://registry.yarnpkg.com/@polymer/iron-icon/-/iron-icon-3.0.0-pre.8.tgz#5f1a5aa53ee74e0e76932a6ddd77f9ee380f055f"
  dependencies:
    "@polymer/iron-flex-layout" "^3.0.0-pre.7"
    "@polymer/iron-meta" "^3.0.0-pre.7"
    "@polymer/polymer" "^3.0.0-pre.7"

"@polymer/iron-icons@^3.0.0-pre.7":
  version "3.0.0-pre.8"
  resolved "https://registry.yarnpkg.com/@polymer/iron-icons/-/iron-icons-3.0.0-pre.8.tgz#6adf32c7294acb4d159c770c0a471819b38ae145"
  dependencies:
    "@polymer/iron-icon" "^3.0.0-pre.7"
    "@polymer/iron-iconset-svg" "^3.0.0-pre.7"
    "@polymer/polymer" "^3.0.0-pre.7"

"@polymer/iron-iconset-svg@^3.0.0-pre.7":
  version "3.0.0-pre.8"
  resolved "https://registry.yarnpkg.com/@polymer/iron-iconset-svg/-/iron-iconset-svg-3.0.0-pre.8.tgz#06c8f650517e7346f96b7200a2a4c3bef38255e0"
  dependencies:
    "@polymer/iron-meta" "^3.0.0-pre.7"
    "@polymer/polymer" "^3.0.0-pre.7"

"@polymer/iron-input@^3.0.0-pre.7":
  version "3.0.0-pre.8"
  resolved "https://registry.yarnpkg.com/@polymer/iron-input/-/iron-input-3.0.0-pre.8.tgz#532d9133da836f17cf1a1f2a79f76794523e9f23"
  dependencies:
    "@polymer/iron-a11y-announcer" "^3.0.0-pre.7"
    "@polymer/iron-validatable-behavior" "^3.0.0-pre.7"
    "@polymer/polymer" "^3.0.0-pre.7"

"@polymer/iron-location@^3.0.0-pre.7":
  version "3.0.0-pre.8"
  resolved "https://registry.yarnpkg.com/@polymer/iron-location/-/iron-location-3.0.0-pre.8.tgz#2acf2a95decd72412f5c68e7cc732f8cee4422c2"
  dependencies:
    "@polymer/polymer" "^3.0.0-pre.7"

"@polymer/iron-media-query@^3.0.0-pre.7":
  version "3.0.0-pre.8"
  resolved "https://registry.yarnpkg.com/@polymer/iron-media-query/-/iron-media-query-3.0.0-pre.8.tgz#2e733d499de700620701fbf59261f463ae915e41"
  dependencies:
    "@polymer/polymer" "^3.0.0-pre.7"

"@polymer/iron-meta@^3.0.0-pre.7":
  version "3.0.0-pre.8"
  resolved "https://registry.yarnpkg.com/@polymer/iron-meta/-/iron-meta-3.0.0-pre.8.tgz#820585d219f7a76c940be6cc3cf851e9df66db38"
  dependencies:
    "@polymer/polymer" "^3.0.0-pre.7"

"@polymer/iron-overlay-behavior@^3.0.0-pre.7":
  version "3.0.0-pre.8"
  resolved "https://registry.yarnpkg.com/@polymer/iron-overlay-behavior/-/iron-overlay-behavior-3.0.0-pre.8.tgz#2536b03b82b7e753744d5521ce4b4c6d3596cae1"
  dependencies:
    "@polymer/iron-a11y-keys-behavior" "^3.0.0-pre.7"
    "@polymer/iron-fit-behavior" "^3.0.0-pre.7"
    "@polymer/iron-resizable-behavior" "^3.0.0-pre.7"
    "@polymer/polymer" "^3.0.0-pre.7"

"@polymer/iron-resizable-behavior@^3.0.0-pre.7":
  version "3.0.0-pre.8"
  resolved "https://registry.yarnpkg.com/@polymer/iron-resizable-behavior/-/iron-resizable-behavior-3.0.0-pre.8.tgz#2aa4489b1b45367fde383aa262374a5bb77c68a5"
  dependencies:
    "@polymer/polymer" "^3.0.0-pre.7"

"@polymer/iron-scroll-target-behavior@^3.0.0-pre.7":
  version "3.0.0-pre.8"
  resolved "https://registry.yarnpkg.com/@polymer/iron-scroll-target-behavior/-/iron-scroll-target-behavior-3.0.0-pre.8.tgz#7cf1147ba27d1f3a069a68f5ab46ec73471b495c"
  dependencies:
    "@polymer/polymer" "^3.0.0-pre.7"

"@polymer/iron-selector@^3.0.0-pre.7":
  version "3.0.0-pre.8"
  resolved "https://registry.yarnpkg.com/@polymer/iron-selector/-/iron-selector-3.0.0-pre.8.tgz#5eca616365ecd8b2a7e26bfcd8e5c02ba82b7705"
  dependencies:
    "@polymer/polymer" "^3.0.0-pre.7"

"@polymer/iron-validatable-behavior@^3.0.0-pre.7":
  version "3.0.0-pre.8"
  resolved "https://registry.yarnpkg.com/@polymer/iron-validatable-behavior/-/iron-validatable-behavior-3.0.0-pre.8.tgz#36f68542ba16b3b0692540db0c29c69af96e26df"
  dependencies:
    "@polymer/iron-meta" "^3.0.0-pre.7"
    "@polymer/polymer" "^3.0.0-pre.7"

"@polymer/marked-element@^3.0.0-pre.7":
  version "3.0.0-pre.8"
  resolved "https://registry.yarnpkg.com/@polymer/marked-element/-/marked-element-3.0.0-pre.8.tgz#4b7044b2a24594f59302b95059b1fddecbdcc73d"
  dependencies:
    "@polymer/polymer" "^3.0.0-pre.7"

"@polymer/neon-animation@^3.0.0-pre.7":
  version "3.0.0-pre.8"
  resolved "https://registry.yarnpkg.com/@polymer/neon-animation/-/neon-animation-3.0.0-pre.8.tgz#c900d19088bbfc501ddf0306136ce0a67b03087c"
  dependencies:
    "@polymer/iron-resizable-behavior" "^3.0.0-pre.7"
    "@polymer/iron-selector" "^3.0.0-pre.7"
    "@polymer/polymer" "^3.0.0-pre.7"

"@polymer/paper-behaviors@^3.0.0-pre.7":
  version "3.0.0-pre.8"
  resolved "https://registry.yarnpkg.com/@polymer/paper-behaviors/-/paper-behaviors-3.0.0-pre.8.tgz#cc509c8f8f6fd59310f65bf14712668e2ae245d7"
  dependencies:
    "@polymer/iron-behaviors" "^3.0.0-pre.7"
    "@polymer/iron-checked-element-behavior" "^3.0.0-pre.7"
    "@polymer/paper-ripple" "^3.0.0-pre.7"
    "@polymer/polymer" "^3.0.0-pre.7"

"@polymer/paper-button@^3.0.0-pre.8":
  version "3.0.0-pre.8"
  resolved "https://registry.yarnpkg.com/@polymer/paper-button/-/paper-button-3.0.0-pre.8.tgz#ec5e9803ab1f79865d63ba17e5a1003d66bae553"
  dependencies:
    "@polymer/iron-flex-layout" "^3.0.0-pre.7"
    "@polymer/paper-behaviors" "^3.0.0-pre.7"
    "@polymer/paper-styles" "^3.0.0-pre.7"
    "@polymer/polymer" "^3.0.0-pre.7"

"@polymer/paper-dropdown-menu@^3.0.0-pre.8":
  version "3.0.0-pre.8"
  resolved "https://registry.yarnpkg.com/@polymer/paper-dropdown-menu/-/paper-dropdown-menu-3.0.0-pre.8.tgz#a8e179c51fb77559ca9dafdf8508802d45cc615d"
  dependencies:
    "@polymer/iron-a11y-keys-behavior" "^3.0.0-pre.7"
    "@polymer/iron-form-element-behavior" "^3.0.0-pre.7"
    "@polymer/iron-icon" "^3.0.0-pre.7"
    "@polymer/iron-iconset-svg" "^3.0.0-pre.7"
    "@polymer/iron-validatable-behavior" "^3.0.0-pre.7"
    "@polymer/paper-behaviors" "^3.0.0-pre.7"
    "@polymer/paper-input" "^3.0.0-pre.7"
    "@polymer/paper-menu-button" "^3.0.0-pre.7"
    "@polymer/paper-ripple" "^3.0.0-pre.7"
    "@polymer/paper-styles" "^3.0.0-pre.7"
    "@polymer/polymer" "^3.0.0-pre.7"

"@polymer/paper-icon-button@^3.0.0-pre.7":
  version "3.0.0-pre.8"
  resolved "https://registry.yarnpkg.com/@polymer/paper-icon-button/-/paper-icon-button-3.0.0-pre.8.tgz#f7bd8a53761eaafd8ba9c2a6431516a2d2d48b54"
  dependencies:
    "@polymer/iron-icon" "^3.0.0-pre.7"
    "@polymer/paper-behaviors" "^3.0.0-pre.7"
    "@polymer/paper-styles" "^3.0.0-pre.7"
    "@polymer/polymer" "^3.0.0-pre.7"

"@polymer/paper-input@^3.0.0-pre.7", "@polymer/paper-input@^3.0.0-pre.8":
  version "3.0.0-pre.8"
  resolved "https://registry.yarnpkg.com/@polymer/paper-input/-/paper-input-3.0.0-pre.8.tgz#4c5713d7131ca5590003e17668774c8ae7c3ebce"
  dependencies:
    "@polymer/iron-a11y-keys-behavior" "^3.0.0-pre.7"
    "@polymer/iron-autogrow-textarea" "^3.0.0-pre.7"
    "@polymer/iron-behaviors" "^3.0.0-pre.7"
    "@polymer/iron-form-element-behavior" "^3.0.0-pre.7"
    "@polymer/iron-input" "^3.0.0-pre.7"
    "@polymer/paper-styles" "^3.0.0-pre.7"
    "@polymer/polymer" "^3.0.0-pre.7"

"@polymer/paper-item@^3.0.0-pre.8":
  version "3.0.0-pre.8"
  resolved "https://registry.yarnpkg.com/@polymer/paper-item/-/paper-item-3.0.0-pre.8.tgz#42e494bf8f8ffbc1eb77422e8560d397b9262ee8"
  dependencies:
    "@polymer/iron-behaviors" "^3.0.0-pre.7"
    "@polymer/iron-flex-layout" "^3.0.0-pre.7"
    "@polymer/paper-styles" "^3.0.0-pre.7"
    "@polymer/polymer" "^3.0.0-pre.7"

"@polymer/paper-menu-button@^3.0.0-pre.7":
  version "3.0.0-pre.8"
  resolved "https://registry.yarnpkg.com/@polymer/paper-menu-button/-/paper-menu-button-3.0.0-pre.8.tgz#439047f0196ac0b63ce2f5bd83a8c17840b5dd37"
  dependencies:
    "@polymer/iron-a11y-keys-behavior" "^3.0.0-pre.7"
    "@polymer/iron-behaviors" "^3.0.0-pre.7"
    "@polymer/iron-dropdown" "^3.0.0-pre.7"
    "@polymer/iron-fit-behavior" "^3.0.0-pre.7"
    "@polymer/neon-animation" "^3.0.0-pre.7"
    "@polymer/paper-styles" "^3.0.0-pre.7"
    "@polymer/polymer" "^3.0.0-pre.7"

"@polymer/paper-ripple@^3.0.0-pre.7":
  version "3.0.0-pre.8"
  resolved "https://registry.yarnpkg.com/@polymer/paper-ripple/-/paper-ripple-3.0.0-pre.8.tgz#e319e9f331148e68d333daf6bd3b709e09025ce1"
  dependencies:
    "@polymer/iron-a11y-keys-behavior" "^3.0.0-pre.7"
    "@polymer/polymer" "^3.0.0-pre.7"

"@polymer/paper-styles@^3.0.0-pre.7", "@polymer/paper-styles@^3.0.0-pre.8":
  version "3.0.0-pre.8"
  resolved "https://registry.yarnpkg.com/@polymer/paper-styles/-/paper-styles-3.0.0-pre.8.tgz#3f5ee7b025a8af914928c7c86add23ff05ae4f4d"
  dependencies:
    "@polymer/font-roboto" "^3.0.0-pre.7"
    "@polymer/iron-flex-layout" "^3.0.0-pre.7"
    "@polymer/polymer" "^3.0.0-pre.7"

"@polymer/paper-toast@^3.0.0-pre.7":
  version "3.0.0-pre.8"
  resolved "https://registry.yarnpkg.com/@polymer/paper-toast/-/paper-toast-3.0.0-pre.8.tgz#6bca5443a7c5db24719b4c78b75478595401dccb"
  dependencies:
    "@polymer/iron-a11y-announcer" "^3.0.0-pre.7"
    "@polymer/iron-fit-behavior" "^3.0.0-pre.7"
    "@polymer/iron-overlay-behavior" "^3.0.0-pre.7"
    "@polymer/polymer" "^3.0.0-pre.7"

"@polymer/polymer@^3.0.0-pre.1", "@polymer/polymer@^3.0.0-pre.7", "@polymer/polymer@^3.0.0-pre.8":
  version "3.0.0-pre.9"
  resolved "https://registry.yarnpkg.com/@polymer/polymer/-/polymer-3.0.0-pre.9.tgz#f25a9f6674a9fee0e486259b34ec60a6dcaffb28"
  dependencies:
    "@webcomponents/shadycss" "^1.0.0"
    "@webcomponents/webcomponentsjs" "^1.0.0"

"@polymer/prism-element@^3.0.0-pre.7":
  version "3.0.0-pre.8"
  resolved "https://registry.yarnpkg.com/@polymer/prism-element/-/prism-element-3.0.0-pre.8.tgz#81bcc04837a92626b185557335ce7b8c7b55b330"
  dependencies:
    "@polymer/polymer" "^3.0.0-pre.7"

"@polymer/sinonjs@^1.14.1":
  version "1.17.1"
  resolved "https://registry.yarnpkg.com/@polymer/sinonjs/-/sinonjs-1.17.1.tgz#e47d3785b7d0e8c29feb97f7e924b0fc597e2e9b"

"@polymer/test-fixture@^3.0.0-pre.1", "@polymer/test-fixture@^3.0.0-pre.8":
  version "3.0.0-pre.8"
  resolved "https://registry.yarnpkg.com/@polymer/test-fixture/-/test-fixture-3.0.0-pre.8.tgz#e5a058efa6ea1e6cc49ce126e13875c97074291f"

"@webcomponents/shadycss@^1.0.0":
  version "1.1.1"
  resolved "https://registry.yarnpkg.com/@webcomponents/shadycss/-/shadycss-1.1.1.tgz#abc821961c99a2b1c5e0f225cd01b139899ebc4c"

"@webcomponents/webcomponentsjs@^1.0.0", "@webcomponents/webcomponentsjs@^1.0.7":
  version "1.1.0"
  resolved "https://registry.yarnpkg.com/@webcomponents/webcomponentsjs/-/webcomponentsjs-1.1.0.tgz#1392799c266fca142622a720176f688beb74d181"

accessibility-developer-tools@^2.12.0:
  version "2.12.0"
  resolved "https://registry.yarnpkg.com/accessibility-developer-tools/-/accessibility-developer-tools-2.12.0.tgz#3da0cce9d6ec6373964b84f35db7cfc3df7ab514"

ansi-regex@^2.0.0:
  version "2.1.1"
  resolved "https://registry.yarnpkg.com/ansi-regex/-/ansi-regex-2.1.1.tgz#c3b33ab5ee360d86e0e628f0468ae7ef27d654df"

ansi-styles@^2.2.1:
  version "2.2.1"
  resolved "https://registry.yarnpkg.com/ansi-styles/-/ansi-styles-2.2.1.tgz#b432dd3358b634cf75e1e4664368240533c1ddbe"

assertion-error@^1.0.1:
  version "1.1.0"
  resolved "https://registry.yarnpkg.com/assertion-error/-/assertion-error-1.1.0.tgz#e60b6b0e8f301bd97e5375215bda406c85118c0b"

async@^1.5.2:
  version "1.5.2"
  resolved "https://registry.yarnpkg.com/async/-/async-1.5.2.tgz#ec6a61ae56480c0c3cb241c95618e20892f9672a"

balanced-match@^1.0.0:
  version "1.0.0"
  resolved "https://registry.yarnpkg.com/balanced-match/-/balanced-match-1.0.0.tgz#89b4d199ab2bee49de164ea02b89ce462d71b767"

brace-expansion@^1.1.7:
  version "1.1.11"
  resolved "https://registry.yarnpkg.com/brace-expansion/-/brace-expansion-1.1.11.tgz#3c7fcbf529d87226f3d2f52b966ff5271eb441dd"
  dependencies:
    balanced-match "^1.0.0"
    concat-map "0.0.1"

browser-stdout@1.3.0:
  version "1.3.0"
  resolved "https://registry.yarnpkg.com/browser-stdout/-/browser-stdout-1.3.0.tgz#f351d32969d32fa5d7a5567154263d928ae3bd1f"

chai@^3.5.0:
  version "3.5.0"
  resolved "https://registry.yarnpkg.com/chai/-/chai-3.5.0.tgz#4d02637b067fe958bdbfdd3a40ec56fef7373247"
  dependencies:
    assertion-error "^1.0.1"
    deep-eql "^0.1.3"
    type-detect "^1.0.0"

chalk@^1.1.1:
  version "1.1.3"
  resolved "https://registry.yarnpkg.com/chalk/-/chalk-1.1.3.tgz#a8115c55e4a702fe4d150abd3872822a7e09fc98"
  dependencies:
    ansi-styles "^2.2.1"
    escape-string-regexp "^1.0.2"
    has-ansi "^2.0.0"
    strip-ansi "^3.0.0"
    supports-color "^2.0.0"

commander@2.9.0:
  version "2.9.0"
  resolved "https://registry.yarnpkg.com/commander/-/commander-2.9.0.tgz#9c99094176e12240cb22d6c5146098400fe0f7d4"
  dependencies:
    graceful-readlink ">= 1.0.0"

concat-map@0.0.1:
  version "0.0.1"
  resolved "https://registry.yarnpkg.com/concat-map/-/concat-map-0.0.1.tgz#d8a96bd77fd68df7793a73036a3ba0d5405d477b"

debug@2.6.8:
  version "2.6.8"
  resolved "https://registry.yarnpkg.com/debug/-/debug-2.6.8.tgz#e731531ca2ede27d188222427da17821d68ff4fc"
  dependencies:
    ms "2.0.0"

deep-eql@^0.1.3:
  version "0.1.3"
  resolved "https://registry.yarnpkg.com/deep-eql/-/deep-eql-0.1.3.tgz#ef558acab8de25206cd713906d74e56930eb69f2"
  dependencies:
    type-detect "0.1.1"

diff@3.2.0:
  version "3.2.0"
  resolved "https://registry.yarnpkg.com/diff/-/diff-3.2.0.tgz#c9ce393a4b7cbd0b058a725c93df299027868ff9"

escape-string-regexp@1.0.5, escape-string-regexp@^1.0.2:
  version "1.0.5"
  resolved "https://registry.yarnpkg.com/escape-string-regexp/-/escape-string-regexp-1.0.5.tgz#1b61c0562190a8dff6ae3bb2cf0200ca130b86d4"

formatio@1.1.1:
  version "1.1.1"
  resolved "https://registry.yarnpkg.com/formatio/-/formatio-1.1.1.tgz#5ed3ccd636551097383465d996199100e86161e9"
  dependencies:
    samsam "~1.1"

fs.realpath@^1.0.0:
  version "1.0.0"
  resolved "https://registry.yarnpkg.com/fs.realpath/-/fs.realpath-1.0.0.tgz#1504ad2523158caa40db4a2787cb01411994ea4f"

glob@7.1.1:
  version "7.1.1"
  resolved "https://registry.yarnpkg.com/glob/-/glob-7.1.1.tgz#805211df04faaf1c63a3600306cdf5ade50b2ec8"
  dependencies:
    fs.realpath "^1.0.0"
    inflight "^1.0.4"
    inherits "2"
    minimatch "^3.0.2"
    once "^1.3.0"
    path-is-absolute "^1.0.0"

"graceful-readlink@>= 1.0.0":
  version "1.0.1"
  resolved "https://registry.yarnpkg.com/graceful-readlink/-/graceful-readlink-1.0.1.tgz#4cafad76bc62f02fa039b2f94e9a3dd3a391a725"

growl@1.9.2:
  version "1.9.2"
  resolved "https://registry.yarnpkg.com/growl/-/growl-1.9.2.tgz#0ea7743715db8d8de2c5ede1775e1b45ac85c02f"

has-ansi@^2.0.0:
  version "2.0.0"
  resolved "https://registry.yarnpkg.com/has-ansi/-/has-ansi-2.0.0.tgz#34f5049ce1ecdf2b0649af3ef24e45ed35416d91"
  dependencies:
    ansi-regex "^2.0.0"

has-flag@^1.0.0:
  version "1.0.0"
  resolved "https://registry.yarnpkg.com/has-flag/-/has-flag-1.0.0.tgz#9d9e793165ce017a00f00418c43f942a7b1d11fa"

he@1.1.1:
  version "1.1.1"
  resolved "https://registry.yarnpkg.com/he/-/he-1.1.1.tgz#93410fd21b009735151f8868c2f271f3427e23fd"

inflight@^1.0.4:
  version "1.0.6"
  resolved "https://registry.yarnpkg.com/inflight/-/inflight-1.0.6.tgz#49bd6331d7d02d0c09bc910a1075ba8165b56df9"
  dependencies:
    once "^1.3.0"
    wrappy "1"

inherits@2, inherits@2.0.1, inherits@2.0.3:
  version "2.0.3"
  resolved "https://registry.yarnpkg.com/inherits/-/inherits-2.0.3.tgz#633c2c83e3da42a502f52466022480f4208261de"

json3@3.3.2:
  version "3.3.2"
  resolved "https://registry.yarnpkg.com/json3/-/json3-3.3.2.tgz#3c0434743df93e2f5c42aee7b19bcb483575f4e1"

lodash._baseassign@^3.0.0:
  version "3.2.0"
  resolved "https://registry.yarnpkg.com/lodash._baseassign/-/lodash._baseassign-3.2.0.tgz#8c38a099500f215ad09e59f1722fd0c52bfe0a4e"
  dependencies:
    lodash._basecopy "^3.0.0"
    lodash.keys "^3.0.0"

lodash._basecopy@^3.0.0:
  version "3.0.1"
  resolved "https://registry.yarnpkg.com/lodash._basecopy/-/lodash._basecopy-3.0.1.tgz#8da0e6a876cf344c0ad8a54882111dd3c5c7ca36"

lodash._basecreate@^3.0.0:
  version "3.0.3"
  resolved "https://registry.yarnpkg.com/lodash._basecreate/-/lodash._basecreate-3.0.3.tgz#1bc661614daa7fc311b7d03bf16806a0213cf821"

lodash._getnative@^3.0.0:
  version "3.9.1"
  resolved "https://registry.yarnpkg.com/lodash._getnative/-/lodash._getnative-3.9.1.tgz#570bc7dede46d61cdcde687d65d3eecbaa3aaff5"

lodash._isiterateecall@^3.0.0:
  version "3.0.9"
  resolved "https://registry.yarnpkg.com/lodash._isiterateecall/-/lodash._isiterateecall-3.0.9.tgz#5203ad7ba425fae842460e696db9cf3e6aac057c"

lodash.create@3.1.1:
  version "3.1.1"
  resolved "https://registry.yarnpkg.com/lodash.create/-/lodash.create-3.1.1.tgz#d7f2849f0dbda7e04682bb8cd72ab022461debe7"
  dependencies:
    lodash._baseassign "^3.0.0"
    lodash._basecreate "^3.0.0"
    lodash._isiterateecall "^3.0.0"

lodash.isarguments@^3.0.0:
  version "3.1.0"
  resolved "https://registry.yarnpkg.com/lodash.isarguments/-/lodash.isarguments-3.1.0.tgz#2f573d85c6a24289ff00663b491c1d338ff3458a"

lodash.isarray@^3.0.0:
  version "3.0.4"
  resolved "https://registry.yarnpkg.com/lodash.isarray/-/lodash.isarray-3.0.4.tgz#79e4eb88c36a8122af86f844aa9bcd851b5fbb55"

lodash.keys@^3.0.0:
  version "3.1.2"
  resolved "https://registry.yarnpkg.com/lodash.keys/-/lodash.keys-3.1.2.tgz#4dbc0472b156be50a0b286855d1bd0b0c656098a"
  dependencies:
    lodash._getnative "^3.0.0"
    lodash.isarguments "^3.0.0"
    lodash.isarray "^3.0.0"

lodash@^3.0.0, lodash@^3.10.1:
  version "3.10.1"
  resolved "https://registry.yarnpkg.com/lodash/-/lodash-3.10.1.tgz#5bf45e8e49ba4189e17d482789dfd15bd140b7b6"

lolex@1.3.2:
  version "1.3.2"
  resolved "https://registry.yarnpkg.com/lolex/-/lolex-1.3.2.tgz#7c3da62ffcb30f0f5a80a2566ca24e45d8a01f31"

minimatch@^3.0.2:
  version "3.0.4"
  resolved "https://registry.yarnpkg.com/minimatch/-/minimatch-3.0.4.tgz#5166e286457f03306064be5497e8dbb0c3d32083"
  dependencies:
    brace-expansion "^1.1.7"

minimist@0.0.8:
  version "0.0.8"
  resolved "https://registry.yarnpkg.com/minimist/-/minimist-0.0.8.tgz#857fcabfc3397d2625b8228262e86aa7a011b05d"

mkdirp@0.5.1:
  version "0.5.1"
  resolved "https://registry.yarnpkg.com/mkdirp/-/mkdirp-0.5.1.tgz#30057438eac6cf7f8c4767f38648d6697d75c903"
  dependencies:
    minimist "0.0.8"

mocha@^3.4.2:
  version "3.5.3"
  resolved "https://registry.yarnpkg.com/mocha/-/mocha-3.5.3.tgz#1e0480fe36d2da5858d1eb6acc38418b26eaa20d"
  dependencies:
    browser-stdout "1.3.0"
    commander "2.9.0"
    debug "2.6.8"
    diff "3.2.0"
    escape-string-regexp "1.0.5"
    glob "7.1.1"
    growl "1.9.2"
    he "1.1.1"
    json3 "3.3.2"
    lodash.create "3.1.1"
    mkdirp "0.5.1"
    supports-color "3.1.2"

ms@2.0.0:
  version "2.0.0"
  resolved "https://registry.yarnpkg.com/ms/-/ms-2.0.0.tgz#5608aeadfc00be6c2901df5f9861788de0d597c8"

once@^1.3.0:
  version "1.4.0"
  resolved "https://registry.yarnpkg.com/once/-/once-1.4.0.tgz#583b1aa775961d4b113ac17d9c50baef9dd76bd1"
  dependencies:
    wrappy "1"

path-is-absolute@^1.0.0:
  version "1.0.1"
  resolved "https://registry.yarnpkg.com/path-is-absolute/-/path-is-absolute-1.0.1.tgz#174b9268735534ffbc7ace6bf53a5a9e1b5c5f5f"

samsam@1.1.2, samsam@1.1.3, samsam@~1.1:
  version "1.1.3"
  resolved "https://registry.yarnpkg.com/samsam/-/samsam-1.1.3.tgz#9f5087419b4d091f232571e7fa52e90b0f552621"

sinon-chai@^2.10.0:
  version "2.14.0"
  resolved "https://registry.yarnpkg.com/sinon-chai/-/sinon-chai-2.14.0.tgz#da7dd4cc83cd6a260b67cca0f7a9fdae26a1205d"

sinon@^1.17.1:
  version "1.17.7"
  resolved "https://registry.yarnpkg.com/sinon/-/sinon-1.17.7.tgz#4542a4f49ba0c45c05eb2e9dd9d203e2b8efe0bf"
  dependencies:
    formatio "1.1.1"
    lolex "1.3.2"
    samsam "1.1.2"
    util ">=0.10.3 <1"

stacky@^1.3.1:
  version "1.3.1"
  resolved "https://registry.yarnpkg.com/stacky/-/stacky-1.3.1.tgz#3f117e5187b9a73d23f876d69f05c85b11804a12"
  dependencies:
    chalk "^1.1.1"
    lodash "^3.0.0"

strip-ansi@^3.0.0:
  version "3.0.1"
  resolved "https://registry.yarnpkg.com/strip-ansi/-/strip-ansi-3.0.1.tgz#6a385fb8853d952d5ff05d0e8aaf94278dc63dcf"
  dependencies:
    ansi-regex "^2.0.0"

supports-color@3.1.2, supports-color@^2.0.0:
  version "3.1.2"
  resolved "https://registry.yarnpkg.com/supports-color/-/supports-color-3.1.2.tgz#72a262894d9d408b956ca05ff37b2ed8a6e2a2d5"
  dependencies:
    has-flag "^1.0.0"

type-detect@0.1.1, type-detect@1.0.0, type-detect@^1.0.0:
  version "1.0.0"
  resolved "https://registry.yarnpkg.com/type-detect/-/type-detect-1.0.0.tgz#762217cc06db258ec48908a1298e8b95121e8ea2"

"util@>=0.10.3 <1":
  version "0.10.3"
  resolved "https://registry.yarnpkg.com/util/-/util-0.10.3.tgz#7afb1afe50805246489e3db7fe0ed379336ac0f9"
  dependencies:
    inherits "2.0.1"

wct-browser-legacy@0.0.1-pre.11:
  version "0.0.1-pre.11"
  resolved "https://registry.yarnpkg.com/wct-browser-legacy/-/wct-browser-legacy-0.0.1-pre.11.tgz#5827387c86e43b32fbe09fd0a7af473b7998a3b1"
  dependencies:
    "@polymer/polymer" "^3.0.0-pre.1"
    "@polymer/sinonjs" "^1.14.1"
    "@polymer/test-fixture" "^3.0.0-pre.1"
    "@webcomponents/webcomponentsjs" "^1.0.7"
    accessibility-developer-tools "^2.12.0"
    async "^1.5.2"
    chai "^3.5.0"
    lodash "^3.10.1"
    mocha "^3.4.2"
    sinon "^1.17.1"
    sinon-chai "^2.10.0"
    stacky "^1.3.1"

wrappy@1:
  version "1.0.2"
  resolved "https://registry.yarnpkg.com/wrappy/-/wrappy-1.0.2.tgz#b5243d8f3ec1aa35f1364605bc0d1036e30ab69f"
